
Microsoft Visual Studio Solution File, Format Version 12.00
# Visual Studio Version 16
VisualStudioVersion = 16.0.31129.286
MinimumVisualStudioVersion = 10.0.40219.1
Project("{FAE04EC0-301F-11D3-BF4B-00C04F79EFBC}") = "Project_1_20202", "Project_1_20202.csproj", "{9A1F4653-FEA6-4DC9-9252-F2E012EE1BCF}"
EndProject
Global
	GlobalSection(SolutionConfigurationPlatforms) = preSolution
		Debug|Any CPU = Debug|Any CPU
		Release|Any CPU = Release|Any CPU
	EndGlobalSection
	GlobalSection(ProjectConfigurationPlatforms) = postSolution
		{9A1F4653-FEA6-4DC9-9252-F2E012EE1BCF}.Debug|Any CPU.ActiveCfg = Release|Any CPU
		{9A1F4653-FEA6-4DC9-9252-F2E012EE1BCF}.Debug|Any CPU.Build.0 = Release|Any CPU
		{9A1F4653-FEA6-4DC9-9252-F2E012EE1BCF}.Release|Any CPU.ActiveCfg = Release|Any CPU
		{9A1F4653-FEA6-4DC9-9252-F2E012EE1BCF}.Release|Any CPU.Build.0 = Release|Any CPU
	EndGlobalSection
	GlobalSection(SolutionProperties) = preSolution
		HideSolutionNode = FALSE
	EndGlobalSection
	GlobalSection(ExtensibilityGlobals) = postSolution
		SolutionGuid = {F097587B-ED5C-497B-B5C4-2781DEFA13A3}
	EndGlobalSection
EndGlobal
